git.torproject.org/pluggable-transports/goptlib.git v1.1.0 h1:LMQAA8pAho+QtYrrVNimJQiINNEwcwuuD99vezD/PAo=
git.torproject.org/pluggable-transports/goptlib.git v1.1.0/go.mod h1:YT4XMSkuEXbtqlydr9+OxqFAyspUv0Gr9qhM3B++o/Q=
github.com/OperatorFoundation/ed25519 v0.0.0-20200225224545-b22b4bd3ddef h1:1xEtDEuNE9/yybZaHS94OIjx5FUo4e8M3UwcK9bFC9s=
github.com/OperatorFoundation/ed25519 v0.0.0-20200225224545-b22b4bd3ddef/go.mod h1:gQNGvsyT4Zmps9H/yzCqdc+RQzt8ZxCndRNtGTYnBzQ=
github.com/OperatorFoundation/monolith-go/monolith v1.0.4 h1:9BmDs+f0VvDz94X8GW8G6L3UG6H7ziIFEw9H0AajnHI=
github.com/OperatorFoundation/monolith-go/monolith v1.0.4/go.mod h1:qc60ZvCt83JnWf2ZtLq8nkVH6s1gStEwywhox+2y0FY=
github.com/OperatorFoundation/obfs4 v1.0.0 h1:OcfdNMzv69fKQrLTkTSwpaBkHyBZMLjigA5M3txZpAg=
github.com/OperatorFoundation/obfs4 v1.0.0/go.mod h1:6apgxOLYwyvbpzujpFHWu6Jlc+mjn1aFK7WvNijIVWc=
github.com/OperatorFoundation/shapeshifter-ipc v0.0.0-20170814234159-11746ba927e0 h1:zDYt6FDJwDSX4woVFVK2EMt7fkxU5L5qDNLUjQwA+BQ=
github.com/OperatorFoundation/shapeshifter-ipc v0.0.0-20170814234159-11746ba927e0/go.mod h1:kB00Ak8Dgn1uZlZHLc/WsUta58Jc+n/ZhCetcPkh42Q=
github.com/OperatorFoundation/shapeshifter-ipc/v2 v2.0.0 h1:6aQs+TF3KULMarpzbKu8DhFOF9D2UBCaAN5ZtbK53nQ=
github.com/OperatorFoundation/shapeshifter-ipc/v2 v2.0.0/go.mod h1:gb/QiZH0QDXLSQ9PskyJ2oTflB7tsP4AYc8y+FppvB0=
github.com/OperatorFoundation/shapeshifter-transports v0.0.0-20200211223228-5b0aa21018a5 h1:UrCgBKvfj+Rim1jAUkRqQt1neJgLVHtKt0228tEmFKY=
github.com/OperatorFoundation/shapeshifter-transports v0.0.0-20200211223228-5b0aa21018a5/go.mod h1:u3jvRgYV13oHabVAdXekh3yk9PHfpCKvB8uolQEs4jA=
github.com/OperatorFoundation/shapeshifter-transports/transports/Dust/v2 v2.2.5 h1:6eZgI94VcisOhpKqTRcbpSBiAku/ScrkE1rrRqMp7WM=
github.com/OperatorFoundation/shapeshifter-transports/transports/Dust/v2 v2.2.5/go.mod h1:rjagXD6IkwQhLX5StzxPRkd1fGs2UuuZxWSdS/LvpPM=
github.com/OperatorFoundation/shapeshifter-transports/transports/Dust/v2 v2.2.8 h1:+wcckxjfCVtPG6mRY+6QfiznT5z9QUmEpd5LlLRoMDw=
github.com/OperatorFoundation/shapeshifter-transports/transports/Dust/v2 v2.2.8/go.mod h1:rjagXD6IkwQhLX5StzxPRkd1fGs2UuuZxWSdS/LvpPM=
github.com/OperatorFoundation/shapeshifter-transports/transports/Optimizer/v2 v2.1.12/go.mod h1:+A6vQ50ZAHi76GOGtpH730VFirwb1p8E6VJM8M50gNk=
github.com/OperatorFoundation/shapeshifter-transports/transports/Optimizer/v2 v2.2.5 h1:YMihMcceZGbiKfH1EeN5GxxT7hrFfCZZzRsn2cVc494=
github.com/OperatorFoundation/shapeshifter-transports/transports/Optimizer/v2 v2.2.5/go.mod h1:ANNSFpXYEr4s2WSwMwPaBsS6N6AqFGE7XZhXyphc1Qc=
github.com/OperatorFoundation/shapeshifter-transports/transports/Optimizer/v2 v2.2.8 h1:Lbv9iSORaipcnVZCgfent+8koZGIhCp3fqIl490WisQ=
github.com/OperatorFoundation/shapeshifter-transports/transports/Optimizer/v2 v2.2.8/go.mod h1:nMinolxpSrKRtHH3U7gkIZr+jDcI6XfWcYZTKuv3yrM=
github.com/OperatorFoundation/shapeshifter-transports/transports/Replicant/v2 v2.2.5 h1:kpIqx8zOa6mO2eulQDEK/i4isnm6CJeGV67eHbJpFN8=
github.com/OperatorFoundation/shapeshifter-transports/transports/Replicant/v2 v2.2.5/go.mod h1:j4VbPW5quGbM9zhJRd1RWqhL3DI85i7QSrqGc7FW79s=
github.com/OperatorFoundation/shapeshifter-transports/transports/Replicant/v2 v2.2.8 h1:BAif2f0K2tjOBPQrJSTQaWYmS0frqumkn+BbtW3ITOQ=
github.com/OperatorFoundation/shapeshifter-transports/transports/Replicant/v2 v2.2.8/go.mod h1:2Rnz5lGFpr1YiHXsuHbk9I6MQzCVzmRhJgdDrWS0ew4=
github.com/OperatorFoundation/shapeshifter-transports/transports/meeklite/v2 v2.1.11/go.mod h1:yPCbCoTjLIG+p0xiuRDwW5t+DivxTHqGU5njf89AkHY=
github.com/OperatorFoundation/shapeshifter-transports/transports/meeklite/v2 v2.2.5 h1:EqRoJz0kdLmnxpaOv6PbXRJohdbIvio6FkYkyWs2U0w=
github.com/OperatorFoundation/shapeshifter-transports/transports/meeklite/v2 v2.2.5/go.mod h1:DEfaE6lfJKEG5CkCRks4rXTMi1xYwbYR0sa+JKsgsr0=
github.com/OperatorFoundation/shapeshifter-transports/transports/meeklite/v2 v2.2.7/go.mod h1:DEfaE6lfJKEG5CkCRks4rXTMi1xYwbYR0sa+JKsgsr0=
github.com/OperatorFoundation/shapeshifter-transports/transports/meeklite/v2 v2.2.8 h1:VHV/V+SMrighunmqwLdQgdOnVLyHL70OCpUSEGqnDCk=
github.com/OperatorFoundation/shapeshifter-transports/transports/meeklite/v2 v2.2.8/go.mod h1:DEfaE6lfJKEG5CkCRks4rXTMi1xYwbYR0sa+JKsgsr0=
github.com/OperatorFoundation/shapeshifter-transports/transports/meekserver/v2 v2.2.5 h1:32BpEu+fHW44DDlPwZeihEx5m2UyfsffCo0ZNrp3WeQ=
github.com/OperatorFoundation/shapeshifter-transports/transports/meekserver/v2 v2.2.5/go.mod h1:PtW/uJ34yJNBtVZSt8Zcvu+GZw/q7+W3mLZ7jbAWCE4=
github.com/OperatorFoundation/shapeshifter-transports/transports/meekserver/v2 v2.2.8 h1:tguGGr4UqHSSEaKTW7aZcC7ozYPnoVN8Dludj0S4CPI=
github.com/OperatorFoundation/shapeshifter-transports/transports/meekserver/v2 v2.2.8/go.mod h1:PtW/uJ34yJNBtVZSt8Zcvu+GZw/q7+W3mLZ7jbAWCE4=
github.com/OperatorFoundation/shapeshifter-transports/transports/obfs2/v2 v2.2.5 h1:AcAPnmUoi9qsK5vOQUvJIM7+YXtaLDhfOiBz8EA9bGM=
github.com/OperatorFoundation/shapeshifter-transports/transports/obfs2/v2 v2.2.5/go.mod h1:W9OJqDkmHbSB86NOlGqECLDtSvr9MoVVlYrvjFqBMG0=
github.com/OperatorFoundation/shapeshifter-transports/transports/obfs2/v2 v2.2.7/go.mod h1:S2qmYjCQzB7XGJ5JMuVDTp2IbQveaAhXQ9BVOx+6KD8=
github.com/OperatorFoundation/shapeshifter-transports/transports/obfs2/v2 v2.2.8 h1:x3IrG0JN5Pfgal2OHWCY/N+yIavjBPShxhFfhTYlWGw=
github.com/OperatorFoundation/shapeshifter-transports/transports/obfs2/v2 v2.2.8/go.mod h1:W9OJqDkmHbSB86NOlGqECLDtSvr9MoVVlYrvjFqBMG0=
github.com/OperatorFoundation/shapeshifter-transports/transports/obfs4/v2 v2.1.11/go.mod h1:OUFBnkMmjMHTWqEQlanDOMTgBjU5QARjklwQv9Qovr4=
github.com/OperatorFoundation/shapeshifter-transports/transports/obfs4/v2 v2.2.5 h1:NudLXkarpDevMLpW/s081LHDwTmKURMCHZ67ZNSXWBc=
github.com/OperatorFoundation/shapeshifter-transports/transports/obfs4/v2 v2.2.5/go.mod h1:WbvdPacTr1IvoVsd9fYk4sDaWoxxCZIQDks9jRveRC0=
github.com/OperatorFoundation/shapeshifter-transports/transports/obfs4/v2 v2.2.7/go.mod h1:OUFBnkMmjMHTWqEQlanDOMTgBjU5QARjklwQv9Qovr4=
github.com/OperatorFoundation/shapeshifter-transports/transports/obfs4/v2 v2.2.8 h1:tVkPBx13P6OLKV1OOGnX8BzL3xldHLz7hZAf1V3ZqT4=
github.com/OperatorFoundation/shapeshifter-transports/transports/obfs4/v2 v2.2.8/go.mod h1:WbvdPacTr1IvoVsd9fYk4sDaWoxxCZIQDks9jRveRC0=
github.com/OperatorFoundation/shapeshifter-transports/transports/shadow/v2 v2.1.11/go.mod h1:GN8ahnEHVGcPbR0raxdpWekjgElppspPNAAOpmNxQxU=
github.com/OperatorFoundation/shapeshifter-transports/transports/shadow/v2 v2.2.5 h1:DsKNTTXO/rjm/y8wG/0wUZ3KSFx+OqU1UuYzIHN0m0Q=
github.com/OperatorFoundation/shapeshifter-transports/transports/shadow/v2 v2.2.5/go.mod h1:GN8ahnEHVGcPbR0raxdpWekjgElppspPNAAOpmNxQxU=
github.com/OperatorFoundation/shapeshifter-transports/transports/shadow/v2 v2.2.7/go.mod h1:GN8ahnEHVGcPbR0raxdpWekjgElppspPNAAOpmNxQxU=
github.com/OperatorFoundation/shapeshifter-transports/transports/shadow/v2 v2.2.8 h1:MmhCRUKqcBVTSIMVMI5wKqrjYj4w0ewhCZvt2i88hSY=
github.com/OperatorFoundation/shapeshifter-transports/transports/shadow/v2 v2.2.8/go.mod h1:GN8ahnEHVGcPbR0raxdpWekjgElppspPNAAOpmNxQxU=
github.com/aead/chacha20 v0.0.0-20180709150244-8b13a72661da h1:KjTM2ks9d14ZYCvmHS9iAKVt9AyzRSqNU1qabPih5BY=
github.com/aead/chacha20 v0.0.0-20180709150244-8b13a72661da/go.mod h1:eHEWzANqSiWQsof+nXEI9bUVUyV6F53Fp89EuCh2EAA=
github.com/blanu/Dust v1.0.0/go.mod h1:jLFQI2Ufz4kBnGiTzh8O9+/p4U/9MLbouXkaympnTI0=
github.com/blanu/Dust v1.0.1 h1:C1IiRXr9YP1A4iiuhhpQOCgl8785LoVq78lbDrVRVqc=
github.com/blanu/Dust v1.0.1/go.mod h1:jLFQI2Ufz4kBnGiTzh8O9+/p4U/9MLbouXkaympnTI0=
github.com/blanu/Dust/go/v2/interface v1.0.1 h1:lIQrNXljx8vgTTwB+gObrkA6jBhokmgH/uHp1OxbqxE=
github.com/blanu/Dust/go/v2/interface v1.0.1/go.mod h1:0NnpBd5fkRrG2I/pf6bcUaL5jpp84LeShsQzn4gCOCw=
github.com/davecgh/go-spew v1.1.0 h1:ZDRjVQ15GmhC3fiQ8ni8+OwkZQO4DARzQgrnXU1Liz8=
github.com/davecgh/go-spew v1.1.0/go.mod h1:J7Y8YcW2NihsgmVo/mv3lAwl/skON4iLHjSsI+c5H38=
github.com/dchest/siphash v1.2.1 h1:4cLinnzVJDKxTCl9B01807Yiy+W7ZzVHj/KIroQRvT4=
github.com/dchest/siphash v1.2.1/go.mod h1:q+IRvb2gOSrUnYoPqHiyHXS0FOBBOdl6tONBlVnOnt4=
github.com/dchest/siphash v1.2.2 h1:9DFz8tQwl9pTVt5iok/9zKyzA1Q6bRGiF3HPiEEVr9I=
github.com/dchest/siphash v1.2.2/go.mod h1:q+IRvb2gOSrUnYoPqHiyHXS0FOBBOdl6tONBlVnOnt4=
github.com/deckarep/golang-set v1.7.1 h1:SCQV0S6gTtp6itiFrTqI+pfmJ4LN85S1YzhDf9rTHJQ=
github.com/deckarep/golang-set v1.7.1/go.mod h1:93vsz/8Wt4joVM7c2AVqh+YRMiUSc14yDtF28KmMOgQ=
github.com/mufti1/interconv v0.0.0-20190313040840-d7c72925c656 h1:p+IdebEeB9SAEH9IOJVF6oZ535bwvWqUdqWxG1UWeko=
github.com/mufti1/interconv v0.0.0-20190313040840-d7c72925c656/go.mod h1:+db4NNs1NvceiftEzz0ymfu3zKLkynYukafc7llNoMs=
github.com/op/go-logging v0.0.0-20160315200505-970db520ece7 h1:lDH9UUVJtmYCjyT0CI4q8xvlXPxeZ0gYCVvWbmPlp88=
github.com/op/go-logging v0.0.0-20160315200505-970db520ece7/go.mod h1:HzydrMdWErDVzsI23lYNej1Htcns9BCg93Dk0bBINWk=
github.com/opentracing/opentracing-go v1.1.0 h1:pWlfV3Bxv7k65HYwkikxat0+s3pV4bsqf19k25Ur8rU=
github.com/opentracing/opentracing-go v1.1.0/go.mod h1:UkNAQd3GIcIGf0SeVgPpRdFStlNbqXla1AfSYxPUl2o=
github.com/opentracing/opentracing-go v1.2.0 h1:uEJPy/1a5RIPAJ0Ov+OIO8OxWu77jEv+1B0VhjKrZUs=
github.com/opentracing/opentracing-go v1.2.0/go.mod h1:GxEUsuufX4nBwe+T+Wl9TAgYrxe9dPLANfrWvHYVTgc=
github.com/pmezard/go-difflib v1.0.0 h1:4DBwDE0NGyQoBHbLQYPwSUPoCMWR5BEzIk/f1lZbAQM=
github.com/pmezard/go-difflib v1.0.0/go.mod h1:iKH77koFhYxTK1pcRnkKkqfTogsbg7gZNVY4sRDYZ/4=
github.com/riobard/go-bloom v0.0.0-20200213042214-218e1707c495 h1:p7xbxYTzzfXghR1kpsJDeoVVRRWAotKc8u7FP/N48rU=
github.com/riobard/go-bloom v0.0.0-20200213042214-218e1707c495/go.mod h1:HgjTstvQsPGkxUsCd2KWxErBblirPizecHcpD3ffK+s=
github.com/riobard/go-bloom v0.0.0-20200614022211-cdc8013cb5b3 h1:f/FNXud6gA3MNr8meMVVGxhp+QBTqY91tM8HjEuMjGg=
github.com/riobard/go-bloom v0.0.0-20200614022211-cdc8013cb5b3/go.mod h1:HgjTstvQsPGkxUsCd2KWxErBblirPizecHcpD3ffK+s=
github.com/shadowsocks/go-shadowsocks2 v0.0.11/go.mod h1:R+KWaoIwRRhnpw6XV+dZil0XHi64Hc1D7hXUyXTjUzQ=
github.com/shadowsocks/go-shadowsocks2 v0.1.0 h1:jQhkjAmMuOTQ7B04bnrRJ5IAoZEwoaXXkKspE7rQ6ck=
github.com/shadowsocks/go-shadowsocks2 v0.1.0/go.mod h1:/0aFGbhK8mtOX4J/6kTJsPLZlEs9KnzKoWCOCvjd7vk=
github.com/shadowsocks/go-shadowsocks2 v0.1.3 h1:orbzVR/BM+SW2K6n9Sy3u/7UneOw/KxpEbCz+hjCCOI=
github.com/shadowsocks/go-shadowsocks2 v0.1.3/go.mod h1:SiGEqep4n+bS5wCZwi6ZgX1MAGRV9erk0zsVOXZ7QvA=
github.com/shadowsocks/go-shadowsocks2 v0.1.4 h1:4VzajPL7RwwmImysBSvI+lm/UaegDGQq3hr42dYo3gs=
github.com/shadowsocks/go-shadowsocks2 v0.1.4/go.mod h1:AGGpIoek4HRno4xzyFiAtLHkOpcoznZEkAccaI/rplM=
github.com/stretchr/objx v0.1.0/go.mod h1:HFkY916IF+rwdDfMAkV7OtwuqBVzrE8GR6GFx+wExME=
github.com/stretchr/testify v1.3.0/go.mod h1:M5WIy9Dh21IEIfnGCwXGc5bZfKNJtfHm1UVUgZn+9EI=
github.com/stretchr/testify v1.5.1 h1:nOGnQDM7FYENwehXlg/kFVnos3rEvtKTjRvOWSzb6H4=
github.com/stretchr/testify v1.5.1/go.mod h1:5W2xD1RspED5o8YsWQXVCued0rvSQ+mT+I5cxcmMvtA=
github.com/stretchr/testify v1.6.1/go.mod h1:6Fq8oRcR53rry900zMqJjRRixrwX3KX962/h/Wwjteg=
github.com/willscott/goturn v0.0.0-20170802220503-19f41278d0c9 h1:yKStnJf2/R4IETsrVlAGBxjBxQ3JgVGnjV3gDlc6tAs=
github.com/willscott/goturn v0.0.0-20170802220503-19f41278d0c9/go.mod h1:PfwRjodCaQXOsHnh2DeVaXqCFCIrbn5WLj1+A5bQkD4=
golang.org/x/crypto v0.0.0-20190308221718-c2843e01d9a2/go.mod h1:djNgcEr1/C05ACkg1iLfiJU5Ep61QUkGW8qpdssI0+w=
golang.org/x/crypto v0.0.0-20190426145343-a29dc8fdc734/go.mod h1:yigFU9vqHzYiE8UmvKecakEJjdnWj3jj499lnFckfCI=
golang.org/x/crypto v0.0.0-20200128174031-69ecbb4d6d5d/go.mod h1:LzIPMQfyMNhhGPhUkYOs5KpL4U8rLKemX1yGLhDgUto=
golang.org/x/crypto v0.0.0-20200214034016-1d94cc7ab1c6/go.mod h1:LzIPMQfyMNhhGPhUkYOs5KpL4U8rLKemX1yGLhDgUto=
golang.org/x/crypto v0.0.0-20200221231518-2aa609cf4a9d/go.mod h1:LzIPMQfyMNhhGPhUkYOs5KpL4U8rLKemX1yGLhDgUto=
golang.org/x/crypto v0.0.0-20200622213623-75b288015ac9 h1:psW17arqaxU48Z5kZ0CQnkZWQJsqcURM6tKiBApRjXI=
golang.org/x/crypto v0.0.0-20200622213623-75b288015ac9/go.mod h1:LzIPMQfyMNhhGPhUkYOs5KpL4U8rLKemX1yGLhDgUto=
golang.org/x/crypto v0.0.0-20200709230013-948cd5f35899 h1:DZhuSZLsGlFL4CmhA8BcRA0mnthyA/nZ00AqCUo7vHg=
golang.org/x/crypto v0.0.0-20200709230013-948cd5f35899/go.mod h1:LzIPMQfyMNhhGPhUkYOs5KpL4U8rLKemX1yGLhDgUto=
golang.org/x/crypto v0.0.0-20201012173705-84dcc777aaee h1:4yd7jl+vXjalO5ztz6Vc1VADv+S/80LGJmyl1ROJ2AI=
golang.org/x/crypto v0.0.0-20201012173705-84dcc777aaee/go.mod h1:LzIPMQfyMNhhGPhUkYOs5KpL4U8rLKemX1yGLhDgUto=
golang.org/x/crypto v0.0.0-20201016220609-9e8e0b390897 h1:pLI5jrR7OSLijeIDcmRxNmw2api+jEfxLoykJVice/E=
golang.org/x/crypto v0.0.0-20201016220609-9e8e0b390897/go.mod h1:LzIPMQfyMNhhGPhUkYOs5KpL4U8rLKemX1yGLhDgUto=
golang.org/x/crypto v0.0.0-20210220033148-5ea612d1eb83/go.mod h1:jdWPYTVW3xRLrWPugEBEK3UY2ZEsg3UU495nc5E+M+I=
golang.org/x/crypto v0.0.0-20210314154223-e6e6c4f2bb5b h1:wSOdpTq0/eI46Ez/LkDwIsAKA71YP2SRKBODiRWM0as=
golang.org/x/crypto v0.0.0-20210314154223-e6e6c4f2bb5b/go.mod h1:T9bdIzuCu7OtxOm1hfPfRQxPLYneinmdGuTeoZ9dtd4=
golang.org/x/crypto v0.0.0-20210317152858-513c2a44f670 h1:gzMM0EjIYiRmJI3+jBdFuoynZlpxa2JQZsolKu09BXo=
golang.org/x/crypto v0.0.0-20210317152858-513c2a44f670/go.mod h1:T9bdIzuCu7OtxOm1hfPfRQxPLYneinmdGuTeoZ9dtd4=
golang.org/x/crypto v0.0.0-20210322153248-0c34fe9e7dc2 h1:It14KIkyBFYkHkwZ7k45minvA9aorojkyjGk9KJ5B/w=
golang.org/x/crypto v0.0.0-20210322153248-0c34fe9e7dc2/go.mod h1:T9bdIzuCu7OtxOm1hfPfRQxPLYneinmdGuTeoZ9dtd4=
golang.org/x/net v0.0.0-20190404232315-eb5bcb51f2a3/go.mod h1:t9HGtf8HONx5eT2rtn7q6eTqICYqUVnKs3thJo3Qplg=
golang.org/x/net v0.0.0-20200202094626-16171245cfb2/go.mod h1:z5CRVTTTmAJ677TzLLGU+0bjPO0LkuOLi4/5GtJWs/s=
golang.org/x/net v0.0.0-20200226121028-0de0cce0169b/go.mod h1:z5CRVTTTmAJ677TzLLGU+0bjPO0LkuOLi4/5GtJWs/s=
golang.org/x/net v0.0.0-20200707034311-ab3426394381 h1:VXak5I6aEWmAXeQjA+QSZzlgNrpq9mjcfDemuexIKsU=
golang.org/x/net v0.0.0-20200707034311-ab3426394381/go.mod h1:/O7V0waA8r7cgGh81Ro3o1hOxt32SMVPicZroKQ2sZA=
golang.org/x/net v0.0.0-20201010224723-4f7140c49acb h1:mUVeFHoDKis5nxCAzoAi7E8Ghb86EXh/RK6wtvJIqRY=
golang.org/x/net v0.0.0-20201010224723-4f7140c49acb/go.mod h1:sp8m0HH+o8qH0wwXwYZr8TS3Oi6o0r6Gce1SSxlDquU=
golang.org/x/net v0.0.0-20201016165138-7b1cca2348c0 h1:5kGOVHlq0euqwzgTC9Vu15p6fV1Wi0ArVi8da2urnVg=
golang.org/x/net v0.0.0-20201016165138-7b1cca2348c0/go.mod h1:sp8m0HH+o8qH0wwXwYZr8TS3Oi6o0r6Gce1SSxlDquU=
golang.org/x/net v0.0.0-20201029055024-942e2f445f3c h1:rpcgRPA7OvNEOdprt2Wx8/Re2cBTd8NPo/lvo3AyMqk=
golang.org/x/net v0.0.0-20201029055024-942e2f445f3c/go.mod h1:sp8m0HH+o8qH0wwXwYZr8TS3Oi6o0r6Gce1SSxlDquU=
golang.org/x/net v0.0.0-20201110031124-69a78807bb2b h1:uwuIcX0g4Yl1NC5XAz37xsr2lTtcqevgzYNVt49waME=
golang.org/x/net v0.0.0-20201110031124-69a78807bb2b/go.mod h1:sp8m0HH+o8qH0wwXwYZr8TS3Oi6o0r6Gce1SSxlDquU=
golang.org/x/net v0.0.0-20210226172049-e18ecbb05110/go.mod h1:m0MpNAwzfU5UDzcl9v0D8zg8gWTRqZa9RBIspLL5mdg=
golang.org/x/net v0.0.0-20210316092652-d523dce5a7f4 h1:b0LrWgu8+q7z4J+0Y3Umo5q1dL7NXBkKBWkaVkAq17E=
golang.org/x/net v0.0.0-20210316092652-d523dce5a7f4/go.mod h1:RBQZq4jEuRlivfhVLdyRGr576XBO4/greRjx4P4O3yc=
golang.org/x/net v0.0.0-20210323141857-08027d57d8cf h1:sewfyKLWuY3ko6EI4hbFziQ8bHkfammpzCDfLT92I1c=
golang.org/x/net v0.0.0-20210323141857-08027d57d8cf/go.mod h1:RBQZq4jEuRlivfhVLdyRGr576XBO4/greRjx4P4O3yc=
golang.org/x/net v0.0.0-20210324205630-d1beb07c2056 h1:sANdAef76Ioam9aQUUdcAqricwY/WUaMc4+7LY4eGg8=
golang.org/x/net v0.0.0-20210324205630-d1beb07c2056/go.mod h1:uSPa2vr4CLtc/ILN5odXGNXS6mhrKVzTaCXzk9m6W3k=
golang.org/x/net v0.0.0-20210326060303-6b1517762897 h1:KrsHThm5nFk34YtATK1LsThyGhGbGe1olrte/HInHvs=
golang.org/x/net v0.0.0-20210326060303-6b1517762897/go.mod h1:uSPa2vr4CLtc/ILN5odXGNXS6mhrKVzTaCXzk9m6W3k=
golang.org/x/net v0.0.0-20210326220855-61e056675ecf h1:WUcCxqQqDT0aXO4VnQbfMvp4zh7m1Gb2clVuHUAGGRE=
golang.org/x/net v0.0.0-20210326220855-61e056675ecf/go.mod h1:uSPa2vr4CLtc/ILN5odXGNXS6mhrKVzTaCXzk9m6W3k=
golang.org/x/net v0.0.0-20210329181859-df645c7b52b1 h1:GDp1VG8WvY8lq4ic4L7GzKC3fNRlOa3UqUEpib8aBQE=
golang.org/x/net v0.0.0-20210329181859-df645c7b52b1/go.mod h1:uSPa2vr4CLtc/ILN5odXGNXS6mhrKVzTaCXzk9m6W3k=
golang.org/x/net v0.0.0-20210330142815-c8897c278d10 h1:j6SlnKgJhONcqBZAH/cLNz6hg79L7Q18RY4BiN0r0LI=
golang.org/x/net v0.0.0-20210330142815-c8897c278d10/go.mod h1:uSPa2vr4CLtc/ILN5odXGNXS6mhrKVzTaCXzk9m6W3k=
golang.org/x/sys v0.0.0-20190215142949-d0b11bdaac8a/go.mod h1:STP8DvDyc/dI5b8T5hshtkjS+E42TnysNCUPdjciGhY=
golang.org/x/sys v0.0.0-20190412213103-97732733099d/go.mod h1:h1NjWce9XRLGQEsW7wpKNCjG9DtNlClVuFLEZdDNbEs=
golang.org/x/sys v0.0.0-20191026070338-33540a1f6037/go.mod h1:h1NjWce9XRLGQEsW7wpKNCjG9DtNlClVuFLEZdDNbEs=
golang.org/x/sys v0.0.0-20200323222414-85ca7c5b95cd/go.mod h1:h1NjWce9XRLGQEsW7wpKNCjG9DtNlClVuFLEZdDNbEs=
golang.org/x/sys v0.0.0-20200625212154-ddb9806d33ae h1:Ih9Yo4hSPImZOpfGuA4bR/ORKTAbhZo2AbWNRCnevdo=
golang.org/x/sys v0.0.0-20200625212154-ddb9806d33ae/go.mod h1:h1NjWce9XRLGQEsW7wpKNCjG9DtNlClVuFLEZdDNbEs=
golang.org/x/sys v0.0.0-20200722175500-76b94024e4b6 h1:X9xIZ1YU8bLZA3l6gqDUHSFiD0GFI9S548h6C8nDtOY=
golang.org/x/sys v0.0.0-20200722175500-76b94024e4b6/go.mod h1:h1NjWce9XRLGQEsW7wpKNCjG9DtNlClVuFLEZdDNbEs=
golang.org/x/sys v0.0.0-20200724161237-0e2f3a69832c h1:UIcGWL6/wpCfyGuJnRFJRurA+yj8RrW7Q6x2YMCXt6c=
golang.org/x/sys v0.0.0-20200724161237-0e2f3a69832c/go.mod h1:h1NjWce9XRLGQEsW7wpKNCjG9DtNlClVuFLEZdDNbEs=
golang.org/x/sys v0.0.0-20200930185726-fdedc70b468f/go.mod h1:h1NjWce9XRLGQEsW7wpKNCjG9DtNlClVuFLEZdDNbEs=
golang.org/x/sys v0.0.0-20201013132646-2da7054afaeb h1:HS9IzC4UFbpMBLQUDSQcU+ViVT1vdFCQVjdPVpTlZrs=
golang.org/x/sys v0.0.0-20201013132646-2da7054afaeb/go.mod h1:h1NjWce9XRLGQEsW7wpKNCjG9DtNlClVuFLEZdDNbEs=
golang.org/x/sys v0.0.0-20201018230417-eeed37f84f13 h1:5jaG59Zhd+8ZXe8C+lgiAGqkOaZBruqrWclLkgAww34=
golang.org/x/sys v0.0.0-20201018230417-eeed37f84f13/go.mod h1:h1NjWce9XRLGQEsW7wpKNCjG9DtNlClVuFLEZdDNbEs=
golang.org/x/sys v0.0.0-20201029080932-201ba4db2418 h1:HlFl4V6pEMziuLXyRkm5BIYq1y1GAbb02pRlWvI54OM=
golang.org/x/sys v0.0.0-20201029080932-201ba4db2418/go.mod h1:h1NjWce9XRLGQEsW7wpKNCjG9DtNlClVuFLEZdDNbEs=
golang.org/x/sys v0.0.0-20201109165425-215b40eba54c h1:+B+zPA6081G5cEb2triOIJpcvSW4AYzmIyWAqMn2JAc=
golang.org/x/sys v0.0.0-20201109165425-215b40eba54c/go.mod h1:h1NjWce9XRLGQEsW7wpKNCjG9DtNlClVuFLEZdDNbEs=
golang.org/x/sys v0.0.0-20201119102817-f84b799fce68/go.mod h1:h1NjWce9XRLGQEsW7wpKNCjG9DtNlClVuFLEZdDNbEs=
golang.org/x/sys v0.0.0-20210315160823-c6e025ad8005/go.mod h1:h1NjWce9XRLGQEsW7wpKNCjG9DtNlClVuFLEZdDNbEs=
golang.org/x/sys v0.0.0-20210316164454-77fc1eacc6aa h1:ZYxPR6aca/uhfRJyaOAtflSHjJYiktO7QnJC5ut7iY4=
golang.org/x/sys v0.0.0-20210316164454-77fc1eacc6aa/go.mod h1:h1NjWce9XRLGQEsW7wpKNCjG9DtNlClVuFLEZdDNbEs=
golang.org/x/sys v0.0.0-20210317225723-c4fcb01b228e h1:XNp2Flc/1eWQGk5BLzqTAN7fQIwIbfyVTuVxXxZh73M=
golang.org/x/sys v0.0.0-20210317225723-c4fcb01b228e/go.mod h1:h1NjWce9XRLGQEsW7wpKNCjG9DtNlClVuFLEZdDNbEs=
golang.org/x/sys v0.0.0-20210320140829-1e4c9ba3b0c4 h1:EZ2mChiOa8udjfp6rRmswTbtZN/QzUQp4ptM4rnjHvc=
golang.org/x/sys v0.0.0-20210320140829-1e4c9ba3b0c4/go.mod h1:h1NjWce9XRLGQEsW7wpKNCjG9DtNlClVuFLEZdDNbEs=
golang.org/x/sys v0.0.0-20210324051608-47abb6519492 h1:Paq34FxTluEPvVyayQqMPgHm+vTOrIifmcYxFBx9TLg=
golang.org/x/sys v0.0.0-20210324051608-47abb6519492/go.mod h1:h1NjWce9XRLGQEsW7wpKNCjG9DtNlClVuFLEZdDNbEs=
golang.org/x/sys v0.0.0-20210326220804-49726bf1d181 h1:64ChN/hjER/taL4YJuA+gpLfIMT+/NFherRZixbxOhg=
golang.org/x/sys v0.0.0-20210326220804-49726bf1d181/go.mod h1:h1NjWce9XRLGQEsW7wpKNCjG9DtNlClVuFLEZdDNbEs=
golang.org/x/term v0.0.0-20201117132131-f5c789dd3221/go.mod h1:Nr5EML6q2oocZ2LXRh80K7BxOlk5/8JxuGnuhpl+muw=
golang.org/x/term v0.0.0-20201126162022-7de9c90e9dd1/go.mod h1:bj7SfCRtBDWHUb9snDiAeCFNEtKQo2Wmx5Cou7ajbmo=
golang.org/x/text v0.3.0/go.mod h1:NqM8EUOU14njkJ3fqMW+pc6Ldnwhi/IjpwHt7yyuwOQ=
golang.org/x/text v0.3.3 h1:cokOdA+Jmi5PJGXLlLllQSgYigAEfHXJAERHVMaCc2k=
golang.org/x/text v0.3.3/go.mod h1:5Zoc/QRtKVWzQhOtBMvqHzDpF6irO9z98xDceosuGiQ=
golang.org/x/text v0.3.4 h1:0YWbFKbhXG/wIiuHDSKpS0Iy7FSA+u45VtBMfQcFTTc=
golang.org/x/text v0.3.4/go.mod h1:5Zoc/QRtKVWzQhOtBMvqHzDpF6irO9z98xDceosuGiQ=
golang.org/x/text v0.3.5 h1:i6eZZ+zk0SOf0xgBpEpPD18qWcJda6q1sxt3S0kzyUQ=
golang.org/x/text v0.3.5/go.mod h1:5Zoc/QRtKVWzQhOtBMvqHzDpF6irO9z98xDceosuGiQ=
golang.org/x/tools v0.0.0-20180917221912-90fa682c2a6e/go.mod h1:n7NCudcB/nEzxVGmLbDWY5pfWTLqBcC2KZ6jyYvM4mQ=
gopkg.in/check.v1 v0.0.0-20161208181325-20d25e280405 h1:yhCVgyC4o1eVCa2tZl7eS0r+SDo693bJlVdllGtEeKM=
gopkg.in/check.v1 v0.0.0-20161208181325-20d25e280405/go.mod h1:Co6ibVJAznAaIkqp8huTwlJQCZ016jof/cbN4VW5Yz0=
gopkg.in/yaml.v2 v2.2.2 h1:ZCJp+EgiOT7lHqUV2J862kp8Qj64Jo6az82+3Td9dZw=
gopkg.in/yaml.v2 v2.2.2/go.mod h1:hI93XBmqTisBFMUTm0b8Fm+jr3Dg1NNxqwp+5A1VGuI=
gopkg.in/yaml.v3 v3.0.0-20200313102051-9f266ea9e77c/go.mod h1:K4uyk7z7BCEPqu6E+C64Yfv1cQ7kz7rIZviUmN+EgEM=
