github.com/OperatorFoundation/Optimizer-go/Optimizer/v3 v3.0.2 h1:025BXtTxZQlJvGXnsoy40ZHuim7/wSLE9FU+S6BllP0=
github.com/OperatorFoundation/Optimizer-go/Optimizer/v3 v3.0.2/go.mod h1:LpUVIzoM7zuf1NihGjn5JVyybZ4+uW7Y9SLTiI4ziD4=
github.com/OperatorFoundation/Replicant-go/Replicant/v3 v3.0.2 h1:+v0WCdB8nu6+VXojJ5TtBeCrLOv6O6fdstodDAh3LdM=
github.com/OperatorFoundation/Replicant-go/Replicant/v3 v3.0.2/go.mod h1:ryTs9CEz5UOOChp6AkFidI7TQjFeuFnK/0f3tgMCifU=
github.com/OperatorFoundation/Shadow-go/shadow/v3 v3.0.1/go.mod h1:tJskzmqFztA8KApTLj7i5IOSN0oLaUQsEwhPcTDcodQ=
github.com/OperatorFoundation/Shadow-go/shadow/v3 v3.0.4 h1:XLvAe1SPpVD8+BZd/ZJIkmKCdFmIOOcBjYvHfzot59Q=
github.com/OperatorFoundation/Shadow-go/shadow/v3 v3.0.4/go.mod h1:S6e9OBcX6sw2j55pkWu2tciwTKkcjsK2ZqlsHqZuV2I=
github.com/OperatorFoundation/Starbridge-go/Starbridge/v3 v3.0.2 h1:ki6AdnR5Z5y20e+8QyH2xXWvRp1nx3ujW36T6GJJzU8=
github.com/OperatorFoundation/Starbridge-go/Starbridge/v3 v3.0.2/go.mod h1:y4DZ5ybWuZZkXZ+8H6wS9z8r4bVN3GnRs8VlTave2J0=
github.com/OperatorFoundation/go-bloom v1.0.1 h1:8q/rfgfG7OvwGkmzusIuV8PlS8MvA/T0kQ2MXm9371g=
github.com/OperatorFoundation/go-bloom v1.0.1/go.mod h1:b6bJWAnYIhwDgFIIolHyeuTYbPWAYj1Lnnwvcoa7P38=
github.com/OperatorFoundation/go-shadowsocks2 v1.1.0/go.mod h1:paPY4LTOVMxWJ4ojsR3dsEfOqXAhwwqZY44rN/QBS0s=
github.com/OperatorFoundation/go-shadowsocks2 v1.1.7 h1:5D12/NhB/rpR1pQL8atmmDTTqTP/dTtkA5ARLVuTvsA=
github.com/OperatorFoundation/go-shadowsocks2 v1.1.7/go.mod h1:yw8jel8UNDWkJNE3wwAfEyctdCw6DI1FWBrZgcuoBfI=
github.com/OperatorFoundation/locket-go v1.0.0 h1:y9re41YqYi0bs+sfkeh1GcP1OF9J3qZW4G6ZxYsrzEY=
github.com/OperatorFoundation/locket-go v1.0.0/go.mod h1:1AhXjUWRgU3dXxPSsUcW8L2QUJGLaQ0umBqGpC36cEw=
github.com/OperatorFoundation/monolith-go/monolith v1.0.10 h1:mK7X57x5LliwsPmRoWgdVhMK1u+ag3LaxemsYpQ279Y=
github.com/OperatorFoundation/monolith-go/monolith v1.0.10/go.mod h1:czRPOIH/In5SEcnHndvit7O+Pq+rHxkrE5XqwYhIkqo=
github.com/OperatorFoundation/shapeshifter-ipc/v3 v3.0.0 h1:zeWIkAC4NH9X49wLg75yKw4g5p3Gq8ZYTWxbXGeinCs=
github.com/OperatorFoundation/shapeshifter-ipc/v3 v3.0.0/go.mod h1:N/8omY/NE0qGcbNhadLjgxmfwo3/Vg8XkOAnhpZ9BIM=
github.com/aead/ecdh v0.2.0 h1:pYop54xVaq/CEREFEcukHRZfTdjiWvYIsZDXXrBapQQ=
github.com/aead/ecdh v0.2.0/go.mod h1:a9HHtXuSo8J1Js1MwLQx2mBhkXMT6YwUmVVEY4tTB8U=
github.com/davecgh/go-spew v1.1.0 h1:ZDRjVQ15GmhC3fiQ8ni8+OwkZQO4DARzQgrnXU1Liz8=
github.com/davecgh/go-spew v1.1.0/go.mod h1:J7Y8YcW2NihsgmVo/mv3lAwl/skON4iLHjSsI+c5H38=
github.com/deckarep/golang-set v1.7.1/go.mod h1:93vsz/8Wt4joVM7c2AVqh+YRMiUSc14yDtF28KmMOgQ=
github.com/deckarep/golang-set v1.8.0 h1:sk9/l/KqpunDwP7pSjUg0keiOOLEnOBHzykLrsPppp4=
github.com/deckarep/golang-set v1.8.0/go.mod h1:5nI87KwE7wgsBU1F4GKAw2Qod7p5kyS383rP6+o6qqo=
github.com/kataras/golog v0.0.18/go.mod h1:jRYl7dFYqP8aQj9VkwdBUXYZSfUktm+YYg1arJILfyw=
github.com/kataras/golog v0.1.7 h1:0TY5tHn5L5DlRIikepcaRR/6oInIr9AiWsxzt0vvlBE=
github.com/kataras/golog v0.1.7/go.mod h1:jOSQ+C5fUqsNSwurB/oAHq1IFSb0KI3l6GMa7xB6dZA=
github.com/kataras/pio v0.0.8/go.mod h1:NFfMp2kVP1rmV4N6gH6qgWpuoDKlrOeYi3VrAIWCGsE=
github.com/kataras/pio v0.0.10 h1:b0qtPUqOpM2O+bqa5wr2O6dN4cQNwSmFd6HQqgVae0g=
github.com/kataras/pio v0.0.10/go.mod h1:gS3ui9xSD+lAUpbYnjOGiQyY7sUMJO+EHpiRzhtZ5no=
github.com/opentracing/opentracing-go v1.1.0/go.mod h1:UkNAQd3GIcIGf0SeVgPpRdFStlNbqXla1AfSYxPUl2o=
github.com/opentracing/opentracing-go v1.2.0 h1:uEJPy/1a5RIPAJ0Ov+OIO8OxWu77jEv+1B0VhjKrZUs=
github.com/opentracing/opentracing-go v1.2.0/go.mod h1:GxEUsuufX4nBwe+T+Wl9TAgYrxe9dPLANfrWvHYVTgc=
github.com/pmezard/go-difflib v1.0.0 h1:4DBwDE0NGyQoBHbLQYPwSUPoCMWR5BEzIk/f1lZbAQM=
github.com/pmezard/go-difflib v1.0.0/go.mod h1:iKH77koFhYxTK1pcRnkKkqfTogsbg7gZNVY4sRDYZ/4=
github.com/riobard/go-bloom v0.0.0-20200614022211-cdc8013cb5b3/go.mod h1:HgjTstvQsPGkxUsCd2KWxErBblirPizecHcpD3ffK+s=
github.com/stretchr/objx v0.1.0/go.mod h1:HFkY916IF+rwdDfMAkV7OtwuqBVzrE8GR6GFx+wExME=
github.com/stretchr/testify v1.3.0/go.mod h1:M5WIy9Dh21IEIfnGCwXGc5bZfKNJtfHm1UVUgZn+9EI=
github.com/stretchr/testify v1.7.0 h1:nwc3DEeHmmLAfoZucVR881uASk0Mfjw8xYJ99tb5CcY=
github.com/stretchr/testify v1.7.0/go.mod h1:6Fq8oRcR53rry900zMqJjRRixrwX3KX962/h/Wwjteg=
github.com/willscott/goturn v0.0.0-20170802220503-19f41278d0c9 h1:yKStnJf2/R4IETsrVlAGBxjBxQ3JgVGnjV3gDlc6tAs=
github.com/willscott/goturn v0.0.0-20170802220503-19f41278d0c9/go.mod h1:PfwRjodCaQXOsHnh2DeVaXqCFCIrbn5WLj1+A5bQkD4=
golang.org/x/crypto v0.0.0-20190211182817-74369b46fc67/go.mod h1:6SG95UA2DQfeDnfUPMdvaQW0Q7yPrPDi9nlGo2tz2b4=
golang.org/x/crypto v0.0.0-20190308221718-c2843e01d9a2/go.mod h1:djNgcEr1/C05ACkg1iLfiJU5Ep61QUkGW8qpdssI0+w=
golang.org/x/crypto v0.0.0-20200221231518-2aa609cf4a9d/go.mod h1:LzIPMQfyMNhhGPhUkYOs5KpL4U8rLKemX1yGLhDgUto=
golang.org/x/crypto v0.0.0-20210220033148-5ea612d1eb83/go.mod h1:jdWPYTVW3xRLrWPugEBEK3UY2ZEsg3UU495nc5E+M+I=
golang.org/x/crypto v0.0.0-20220427172511-eb4f295cb31f h1:OeJjE6G4dgCY4PIXvIRQbE8+RX+uXZyGhUy/ksMGJoc=
golang.org/x/crypto v0.0.0-20220427172511-eb4f295cb31f/go.mod h1:IxCIyHEi3zRg3s0A5j5BB6A9Jmi73HwBIUl50j+osU4=
golang.org/x/net v0.0.0-20190404232315-eb5bcb51f2a3/go.mod h1:t9HGtf8HONx5eT2rtn7q6eTqICYqUVnKs3thJo3Qplg=
golang.org/x/net v0.0.0-20200226121028-0de0cce0169b/go.mod h1:z5CRVTTTmAJ677TzLLGU+0bjPO0LkuOLi4/5GtJWs/s=
golang.org/x/net v0.0.0-20211112202133-69e39bad7dc2/go.mod h1:9nx3DQGgdP8bBQD5qxJ1jj9UTztislL4KSBs9R2vV5Y=
golang.org/x/net v0.0.0-20220425223048-2871e0cb64e4 h1:HVyaeDAYux4pnY+D/SiwmLOR36ewZ4iGQIIrtnuCjFA=
golang.org/x/net v0.0.0-20220425223048-2871e0cb64e4/go.mod h1:CfG3xpIq0wQ8r1q4Su4UZFWDARRcnwPjda9FqA0JpMk=
golang.org/x/sys v0.0.0-20190215142949-d0b11bdaac8a/go.mod h1:STP8DvDyc/dI5b8T5hshtkjS+E42TnysNCUPdjciGhY=
golang.org/x/sys v0.0.0-20190412213103-97732733099d/go.mod h1:h1NjWce9XRLGQEsW7wpKNCjG9DtNlClVuFLEZdDNbEs=
golang.org/x/sys v0.0.0-20191026070338-33540a1f6037/go.mod h1:h1NjWce9XRLGQEsW7wpKNCjG9DtNlClVuFLEZdDNbEs=
golang.org/x/sys v0.0.0-20201119102817-f84b799fce68/go.mod h1:h1NjWce9XRLGQEsW7wpKNCjG9DtNlClVuFLEZdDNbEs=
golang.org/x/sys v0.0.0-20210423082822-04245dca01da/go.mod h1:h1NjWce9XRLGQEsW7wpKNCjG9DtNlClVuFLEZdDNbEs=
golang.org/x/sys v0.0.0-20210615035016-665e8c7367d1/go.mod h1:oPkhp1MJrh7nUepCBck5+mAzfO9JrbApNNgaTdGDITg=
golang.org/x/sys v0.0.0-20211216021012-1d35b9e2eb4e/go.mod h1:oPkhp1MJrh7nUepCBck5+mAzfO9JrbApNNgaTdGDITg=
golang.org/x/sys v0.0.0-20220429233432-b5fbb4746d32 h1:Js08h5hqB5xyWR789+QqueR6sDE8mk+YvpETZ+F6X9Y=
golang.org/x/sys v0.0.0-20220429233432-b5fbb4746d32/go.mod h1:oPkhp1MJrh7nUepCBck5+mAzfO9JrbApNNgaTdGDITg=
golang.org/x/sys v0.0.0-20220817070843-5a390386f1f2 h1:fqTvyMIIj+HRzMmnzr9NtpHP6uVpvB5fkHcgPDC4nu8=
golang.org/x/sys v0.0.0-20220817070843-5a390386f1f2/go.mod h1:oPkhp1MJrh7nUepCBck5+mAzfO9JrbApNNgaTdGDITg=
golang.org/x/term v0.0.0-20201117132131-f5c789dd3221/go.mod h1:Nr5EML6q2oocZ2LXRh80K7BxOlk5/8JxuGnuhpl+muw=
golang.org/x/term v0.0.0-20201126162022-7de9c90e9dd1/go.mod h1:bj7SfCRtBDWHUb9snDiAeCFNEtKQo2Wmx5Cou7ajbmo=
golang.org/x/term v0.0.0-20210927222741-03fcf44c2211/go.mod h1:jbD1KX2456YbFQfuXm/mYQcufACuNUgVhRMnK/tPxf8=
golang.org/x/text v0.3.0/go.mod h1:NqM8EUOU14njkJ3fqMW+pc6Ldnwhi/IjpwHt7yyuwOQ=
golang.org/x/text v0.3.6/go.mod h1:5Zoc/QRtKVWzQhOtBMvqHzDpF6irO9z98xDceosuGiQ=
golang.org/x/text v0.3.7/go.mod h1:u+2+/6zg+i71rQMx5EYifcz6MCKuco9NR6JIITiCfzQ=
golang.org/x/tools v0.0.0-20180917221912-90fa682c2a6e/go.mod h1:n7NCudcB/nEzxVGmLbDWY5pfWTLqBcC2KZ6jyYvM4mQ=
gopkg.in/check.v1 v0.0.0-20161208181325-20d25e280405/go.mod h1:Co6ibVJAznAaIkqp8huTwlJQCZ016jof/cbN4VW5Yz0=
gopkg.in/yaml.v3 v3.0.0-20200313102051-9f266ea9e77c h1:dUUwHk2QECo/6vqA44rthZ8ie2QXMNeKRTHCNY2nXvo=
gopkg.in/yaml.v3 v3.0.0-20200313102051-9f266ea9e77c/go.mod h1:K4uyk7z7BCEPqu6E+C64Yfv1cQ7kz7rIZviUmN+EgEM=
