git.torproject.org/pluggable-transports/goptlib.git v1.1.0 h1:LMQAA8pAho+QtYrrVNimJQiINNEwcwuuD99vezD/PAo=
git.torproject.org/pluggable-transports/goptlib.git v1.1.0/go.mod h1:YT4XMSkuEXbtqlydr9+OxqFAyspUv0Gr9qhM3B++o/Q=
github.com/OperatorFoundation/ed25519 v0.0.0-20200225224545-b22b4bd3ddef h1:1xEtDEuNE9/yybZaHS94OIjx5FUo4e8M3UwcK9bFC9s=
github.com/OperatorFoundation/ed25519 v0.0.0-20200225224545-b22b4bd3ddef/go.mod h1:gQNGvsyT4Zmps9H/yzCqdc+RQzt8ZxCndRNtGTYnBzQ=
github.com/OperatorFoundation/monolith-go/monolith v1.0.4 h1:9BmDs+f0VvDz94X8GW8G6L3UG6H7ziIFEw9H0AajnHI=
github.com/OperatorFoundation/monolith-go/monolith v1.0.4/go.mod h1:qc60ZvCt83JnWf2ZtLq8nkVH6s1gStEwywhox+2y0FY=
github.com/OperatorFoundation/obfs4 v0.0.0-20161108041644-17f2cb99c264/go.mod h1:oxwvRzQ4FDp7ysA1En4F/pyOh2Jfef4YTo1YhHUsBOA=
github.com/OperatorFoundation/obfs4 v0.0.0-20200225231820-9c573c3785a2/go.mod h1:oxwvRzQ4FDp7ysA1En4F/pyOh2Jfef4YTo1YhHUsBOA=
github.com/OperatorFoundation/obfs4 v1.0.0 h1:OcfdNMzv69fKQrLTkTSwpaBkHyBZMLjigA5M3txZpAg=
github.com/OperatorFoundation/obfs4 v1.0.0/go.mod h1:6apgxOLYwyvbpzujpFHWu6Jlc+mjn1aFK7WvNijIVWc=
github.com/OperatorFoundation/shapeshifter-ipc v0.0.0-20170814234159-11746ba927e0 h1:zDYt6FDJwDSX4woVFVK2EMt7fkxU5L5qDNLUjQwA+BQ=
github.com/OperatorFoundation/shapeshifter-ipc v0.0.0-20170814234159-11746ba927e0/go.mod h1:kB00Ak8Dgn1uZlZHLc/WsUta58Jc+n/ZhCetcPkh42Q=
github.com/OperatorFoundation/shapeshifter-transports v0.0.0-20200211223228-5b0aa21018a5 h1:UrCgBKvfj+Rim1jAUkRqQt1neJgLVHtKt0228tEmFKY=
github.com/OperatorFoundation/shapeshifter-transports v0.0.0-20200211223228-5b0aa21018a5/go.mod h1:u3jvRgYV13oHabVAdXekh3yk9PHfpCKvB8uolQEs4jA=
github.com/OperatorFoundation/shapeshifter-transports v2.1.11+incompatible h1:Icbjg/r1BC9NlQ4yk0XVhjJ4PtWRwd1uS6IrvPSuje4=
github.com/OperatorFoundation/shapeshifter-transports v2.1.11+incompatible/go.mod h1:u3jvRgYV13oHabVAdXekh3yk9PHfpCKvB8uolQEs4jA=
github.com/OperatorFoundation/shapeshifter-transports v2.1.16+incompatible h1:rkPo2x+XWxe0l08kZCAI+KrYJhQuhVSF9miSWZbh5V0=
github.com/OperatorFoundation/shapeshifter-transports v2.1.16+incompatible/go.mod h1:u3jvRgYV13oHabVAdXekh3yk9PHfpCKvB8uolQEs4jA=
github.com/OperatorFoundation/shapeshifter-transports/transports/Dust/v2 v2.1.11 h1:WTjk/NG0xpK5w/qsMn6j3YiNMPrgwf4B70ANRIT/Wvo=
github.com/OperatorFoundation/shapeshifter-transports/transports/Dust/v2 v2.1.11/go.mod h1:qZRDNZpdNlXjCsBQhCWH3fAAFQJqT2Aw4uMcxP9/YcM=
github.com/OperatorFoundation/shapeshifter-transports/transports/Dust/v2 v2.1.12 h1:IwCEYXjj2KnTKPZKxG0K75wJOZQowfEK1iNVc///qzA=
github.com/OperatorFoundation/shapeshifter-transports/transports/Dust/v2 v2.1.12/go.mod h1:ryywPUcoXxO+4BoB5d37GaoyhwIrXuUyUHjMvi53KWA=
github.com/OperatorFoundation/shapeshifter-transports/transports/Dust/v2 v2.1.13 h1:4qIvd9vBrWoZrK5VGgJLdJ6WkwOZ4fP9s0/g9Jhx4IE=
github.com/OperatorFoundation/shapeshifter-transports/transports/Dust/v2 v2.1.13/go.mod h1:ryywPUcoXxO+4BoB5d37GaoyhwIrXuUyUHjMvi53KWA=
github.com/OperatorFoundation/shapeshifter-transports/transports/Dust/v2 v2.1.15 h1:LphIbJYUytiXZKOwiPM4yXvhCR5fcEXnDOGYp22d0ZE=
github.com/OperatorFoundation/shapeshifter-transports/transports/Dust/v2 v2.1.15/go.mod h1:ryywPUcoXxO+4BoB5d37GaoyhwIrXuUyUHjMvi53KWA=
github.com/OperatorFoundation/shapeshifter-transports/transports/Dust/v2 v2.1.16 h1:IUeys2kQ1K/sj+0psWc83ErdbYpja+qwT++1gQ23I08=
github.com/OperatorFoundation/shapeshifter-transports/transports/Dust/v2 v2.1.16/go.mod h1:ryywPUcoXxO+4BoB5d37GaoyhwIrXuUyUHjMvi53KWA=
github.com/OperatorFoundation/shapeshifter-transports/transports/Dust/v2 v2.1.18 h1:a1bRqKTIegf5KT302X2RHUqiQDt5iVxvom+8r5/x3Ow=
github.com/OperatorFoundation/shapeshifter-transports/transports/Dust/v2 v2.1.18/go.mod h1:ryywPUcoXxO+4BoB5d37GaoyhwIrXuUyUHjMvi53KWA=
github.com/OperatorFoundation/shapeshifter-transports/transports/Dust/v2 v2.1.22 h1:d8Fw/KN7SVpqIYN0489UQcOcvuFZUZbIQXQO6s8HOsM=
github.com/OperatorFoundation/shapeshifter-transports/transports/Dust/v2 v2.1.22/go.mod h1:ryywPUcoXxO+4BoB5d37GaoyhwIrXuUyUHjMvi53KWA=
github.com/OperatorFoundation/shapeshifter-transports/transports/Optimizer/v2 v2.1.11 h1:/wn3pNtChButuKsVaUjFCMS0h0OXviZaD0xyjuCIEIQ=
github.com/OperatorFoundation/shapeshifter-transports/transports/Optimizer/v2 v2.1.11/go.mod h1:+6kw8eWrXKkyz0svf8DehCRFsi0ehq/SAhH7CdPjmic=
github.com/OperatorFoundation/shapeshifter-transports/transports/Optimizer/v2 v2.1.12 h1:BCDQ0UhF4RGxK7eYIBW94uQpOCQvpYbMkdJxSX5s6ZE=
github.com/OperatorFoundation/shapeshifter-transports/transports/Optimizer/v2 v2.1.12/go.mod h1:+A6vQ50ZAHi76GOGtpH730VFirwb1p8E6VJM8M50gNk=
github.com/OperatorFoundation/shapeshifter-transports/transports/Optimizer/v2 v2.1.13 h1:RwaWbk2PodmfPb5lCZPQOvYIIlynTeUtUtdIXv/MaPA=
github.com/OperatorFoundation/shapeshifter-transports/transports/Optimizer/v2 v2.1.13/go.mod h1:8XAwFbQ8p5cjnh6QEheJis5yRWnnCpD8JyDO9VC706o=
github.com/OperatorFoundation/shapeshifter-transports/transports/Optimizer/v2 v2.1.15 h1:DWLfAKyT+McM18jR6ZeN0VnBSkw0NZiVLsIMaTlu9no=
github.com/OperatorFoundation/shapeshifter-transports/transports/Optimizer/v2 v2.1.15/go.mod h1:5m+3Q59kbpQsObxRu4pZs8uEMEke3gEXeJVLf9A7dQI=
github.com/OperatorFoundation/shapeshifter-transports/transports/Optimizer/v2 v2.1.16 h1:jqGhUtak0aGUOZ9HScIRThvyQbHioAXoExBITbgbMdY=
github.com/OperatorFoundation/shapeshifter-transports/transports/Optimizer/v2 v2.1.16/go.mod h1:zS0lVIkLr+dQFyaUtdTo4OiKOoUdK4iJNV3Vx4bXrAo=
github.com/OperatorFoundation/shapeshifter-transports/transports/Optimizer/v2 v2.1.18 h1:EG1z9M3P599AOzxlzEf157HN0010frgLxtTeQiqbcvo=
github.com/OperatorFoundation/shapeshifter-transports/transports/Optimizer/v2 v2.1.18/go.mod h1:0BViAlDoH+UG5LGy5yFMqOhUpNazLDqeI+ldAXUXdco=
github.com/OperatorFoundation/shapeshifter-transports/transports/Optimizer/v2 v2.1.22 h1:x68jgeoc5bAoYHluQc7qfZ2qnIMfsvqzSEVJpywDUl4=
github.com/OperatorFoundation/shapeshifter-transports/transports/Optimizer/v2 v2.1.22/go.mod h1:5sggGxBtpv5bIAZqUIpd+D7PSC7arq8rVUpLUcn7a8E=
github.com/OperatorFoundation/shapeshifter-transports/transports/Replicant/v2 v2.1.11 h1:/lhFrP7Id8GzrwEO/vH9cynRQiphvxk0dRRag3FyKaw=
github.com/OperatorFoundation/shapeshifter-transports/transports/Replicant/v2 v2.1.11/go.mod h1:6ns7y+q4xQp9SdSJVs1BPiVVMXtYWbJfjlYPB/MPf3M=
github.com/OperatorFoundation/shapeshifter-transports/transports/Replicant/v2 v2.1.12 h1:taBdNCJ/nuO1Pf8HJeeTIbrv8zvgEEA45lkxkbnK4zI=
github.com/OperatorFoundation/shapeshifter-transports/transports/Replicant/v2 v2.1.12/go.mod h1:6ns7y+q4xQp9SdSJVs1BPiVVMXtYWbJfjlYPB/MPf3M=
github.com/OperatorFoundation/shapeshifter-transports/transports/Replicant/v2 v2.1.13 h1:6JrExFEJG/XHYazV/ooL4t7lhSMgTI0r2LGpyrDmUgw=
github.com/OperatorFoundation/shapeshifter-transports/transports/Replicant/v2 v2.1.13/go.mod h1:6ns7y+q4xQp9SdSJVs1BPiVVMXtYWbJfjlYPB/MPf3M=
github.com/OperatorFoundation/shapeshifter-transports/transports/Replicant/v2 v2.1.15 h1:IhLvoPUT0UJfBHgb7SHTy5z8HYFA8aI+NAkSWUgXFdM=
github.com/OperatorFoundation/shapeshifter-transports/transports/Replicant/v2 v2.1.15/go.mod h1:6ns7y+q4xQp9SdSJVs1BPiVVMXtYWbJfjlYPB/MPf3M=
github.com/OperatorFoundation/shapeshifter-transports/transports/Replicant/v2 v2.1.16 h1:etlaw+c4/5g5isznjpOp8AncAPoaTEHK4oTvMLc+dFs=
github.com/OperatorFoundation/shapeshifter-transports/transports/Replicant/v2 v2.1.16/go.mod h1:6ns7y+q4xQp9SdSJVs1BPiVVMXtYWbJfjlYPB/MPf3M=
github.com/OperatorFoundation/shapeshifter-transports/transports/Replicant/v2 v2.1.18 h1:GtlrvVXW8gP0Gobc82zU2zqCB5XaooUhbJK2IM9d2BU=
github.com/OperatorFoundation/shapeshifter-transports/transports/Replicant/v2 v2.1.18/go.mod h1:6ns7y+q4xQp9SdSJVs1BPiVVMXtYWbJfjlYPB/MPf3M=
github.com/OperatorFoundation/shapeshifter-transports/transports/Replicant/v2 v2.1.22 h1:wB2+sZEzdGnIZHYkGLhInfwamETNDU8Jj6Wr9HCryjA=
github.com/OperatorFoundation/shapeshifter-transports/transports/Replicant/v2 v2.1.22/go.mod h1:6ns7y+q4xQp9SdSJVs1BPiVVMXtYWbJfjlYPB/MPf3M=
github.com/OperatorFoundation/shapeshifter-transports/transports/meeklite/v2 v2.1.7/go.mod h1:yPCbCoTjLIG+p0xiuRDwW5t+DivxTHqGU5njf89AkHY=
github.com/OperatorFoundation/shapeshifter-transports/transports/meeklite/v2 v2.1.11 h1:LpSrJLqvqLG3dDK2/FJBMrNEq+Bez1V7kE5CTUYQvT8=
github.com/OperatorFoundation/shapeshifter-transports/transports/meeklite/v2 v2.1.11/go.mod h1:yPCbCoTjLIG+p0xiuRDwW5t+DivxTHqGU5njf89AkHY=
github.com/OperatorFoundation/shapeshifter-transports/transports/meeklite/v2 v2.1.12 h1:M1OoZNuEwaLILOYJx6T5QI5tsbOFtjwZqDRUn+FF5QM=
github.com/OperatorFoundation/shapeshifter-transports/transports/meeklite/v2 v2.1.12/go.mod h1:DEfaE6lfJKEG5CkCRks4rXTMi1xYwbYR0sa+JKsgsr0=
github.com/OperatorFoundation/shapeshifter-transports/transports/meeklite/v2 v2.1.13 h1:coS7GKDInY6phXOhC3YYirkSkztTokDSQq8jcZaiDpE=
github.com/OperatorFoundation/shapeshifter-transports/transports/meeklite/v2 v2.1.13/go.mod h1:DEfaE6lfJKEG5CkCRks4rXTMi1xYwbYR0sa+JKsgsr0=
github.com/OperatorFoundation/shapeshifter-transports/transports/meeklite/v2 v2.1.15 h1:wWTYYwDr3yv/DQj4+pkwMJujxuaNI/fuCRjfDLrFN8Q=
github.com/OperatorFoundation/shapeshifter-transports/transports/meeklite/v2 v2.1.15/go.mod h1:DEfaE6lfJKEG5CkCRks4rXTMi1xYwbYR0sa+JKsgsr0=
github.com/OperatorFoundation/shapeshifter-transports/transports/meeklite/v2 v2.1.16 h1:dGABxnORcMNSSKR8UrwFG9bIKOZAeOB2DDaA/ynoa3E=
github.com/OperatorFoundation/shapeshifter-transports/transports/meeklite/v2 v2.1.16/go.mod h1:DEfaE6lfJKEG5CkCRks4rXTMi1xYwbYR0sa+JKsgsr0=
github.com/OperatorFoundation/shapeshifter-transports/transports/meeklite/v2 v2.1.18 h1:nbUKA3g9Q22/cEXrx9qx+FGjIfHV7c2RPQjShsd9CMM=
github.com/OperatorFoundation/shapeshifter-transports/transports/meeklite/v2 v2.1.18/go.mod h1:DEfaE6lfJKEG5CkCRks4rXTMi1xYwbYR0sa+JKsgsr0=
github.com/OperatorFoundation/shapeshifter-transports/transports/meeklite/v2 v2.1.22 h1:BuiRy5QWa5hI3dNcOGw/Co4GYpU3PONrjrAlUB3pzt4=
github.com/OperatorFoundation/shapeshifter-transports/transports/meeklite/v2 v2.1.22/go.mod h1:DEfaE6lfJKEG5CkCRks4rXTMi1xYwbYR0sa+JKsgsr0=
github.com/OperatorFoundation/shapeshifter-transports/transports/meekserver/v2 v2.1.11 h1:OT9rZLBroMI4U2Gp3JBezOxkldYb8+Rq70Bt5jonKy4=
github.com/OperatorFoundation/shapeshifter-transports/transports/meekserver/v2 v2.1.11/go.mod h1:PtW/uJ34yJNBtVZSt8Zcvu+GZw/q7+W3mLZ7jbAWCE4=
github.com/OperatorFoundation/shapeshifter-transports/transports/meekserver/v2 v2.1.12 h1:Wh79f12yRnIiBlRLRicBDoRhpDgRxWFI7hXrX+x4R6w=
github.com/OperatorFoundation/shapeshifter-transports/transports/meekserver/v2 v2.1.12/go.mod h1:PtW/uJ34yJNBtVZSt8Zcvu+GZw/q7+W3mLZ7jbAWCE4=
github.com/OperatorFoundation/shapeshifter-transports/transports/meekserver/v2 v2.1.13 h1:sMfpclys3H8b9CnHnQfDiUQcvz9YDYbZ0jD0ksq6zzk=
github.com/OperatorFoundation/shapeshifter-transports/transports/meekserver/v2 v2.1.13/go.mod h1:PtW/uJ34yJNBtVZSt8Zcvu+GZw/q7+W3mLZ7jbAWCE4=
github.com/OperatorFoundation/shapeshifter-transports/transports/meekserver/v2 v2.1.15 h1:xAS/5hE28CnOx8DwxK1tx/2s+ZAKKxPKZulM5WI2tA4=
github.com/OperatorFoundation/shapeshifter-transports/transports/meekserver/v2 v2.1.15/go.mod h1:PtW/uJ34yJNBtVZSt8Zcvu+GZw/q7+W3mLZ7jbAWCE4=
github.com/OperatorFoundation/shapeshifter-transports/transports/meekserver/v2 v2.1.16 h1:VO25seTtXQfa6gfj52Q6z4EIQ7F0bFwM8pUczxSqDlk=
github.com/OperatorFoundation/shapeshifter-transports/transports/meekserver/v2 v2.1.16/go.mod h1:PtW/uJ34yJNBtVZSt8Zcvu+GZw/q7+W3mLZ7jbAWCE4=
github.com/OperatorFoundation/shapeshifter-transports/transports/meekserver/v2 v2.1.18 h1:FZgmSW7bEV5EQxxzOAQ2l7vkz3KWiaMPaUvw03B8Y2A=
github.com/OperatorFoundation/shapeshifter-transports/transports/meekserver/v2 v2.1.18/go.mod h1:PtW/uJ34yJNBtVZSt8Zcvu+GZw/q7+W3mLZ7jbAWCE4=
github.com/OperatorFoundation/shapeshifter-transports/transports/meekserver/v2 v2.1.22 h1:R9kD/JBJZvXRTSWcRW9l5aj2Z26hTgNQ/hVM6YO7dPo=
github.com/OperatorFoundation/shapeshifter-transports/transports/meekserver/v2 v2.1.22/go.mod h1:PtW/uJ34yJNBtVZSt8Zcvu+GZw/q7+W3mLZ7jbAWCE4=
github.com/OperatorFoundation/shapeshifter-transports/transports/obfs2/v2 v2.1.11 h1:DIfJlEQAtpBzQiuDKfb25/QsbMuznMKZL0lTqDgGvPY=
github.com/OperatorFoundation/shapeshifter-transports/transports/obfs2/v2 v2.1.11/go.mod h1:aQD0Pjqj/3JVPQIq8pS+pf/PIKsvcXqYv3qsQhyH8wk=
github.com/OperatorFoundation/shapeshifter-transports/transports/obfs2/v2 v2.1.12 h1:yA6+dJrwv6yTwU7mAteOT6SFvsHJndRS9m+huBp3a8E=
github.com/OperatorFoundation/shapeshifter-transports/transports/obfs2/v2 v2.1.12/go.mod h1:aQD0Pjqj/3JVPQIq8pS+pf/PIKsvcXqYv3qsQhyH8wk=
github.com/OperatorFoundation/shapeshifter-transports/transports/obfs2/v2 v2.1.13 h1:Mb1esfTmREa6BhBcKFR47PZD1/K3HfE3ngtXPPe7LDw=
github.com/OperatorFoundation/shapeshifter-transports/transports/obfs2/v2 v2.1.13/go.mod h1:S2qmYjCQzB7XGJ5JMuVDTp2IbQveaAhXQ9BVOx+6KD8=
github.com/OperatorFoundation/shapeshifter-transports/transports/obfs2/v2 v2.1.15 h1:Eo8ahWxA1gNe0NOjAgC3ixWamzX0bMbOYDGirwNekTw=
github.com/OperatorFoundation/shapeshifter-transports/transports/obfs2/v2 v2.1.15/go.mod h1:S2qmYjCQzB7XGJ5JMuVDTp2IbQveaAhXQ9BVOx+6KD8=
github.com/OperatorFoundation/shapeshifter-transports/transports/obfs2/v2 v2.1.16 h1:IACllA5e1TERxCrUg8akhruF5t4rGp0qe74KovNTurE=
github.com/OperatorFoundation/shapeshifter-transports/transports/obfs2/v2 v2.1.16/go.mod h1:S2qmYjCQzB7XGJ5JMuVDTp2IbQveaAhXQ9BVOx+6KD8=
github.com/OperatorFoundation/shapeshifter-transports/transports/obfs2/v2 v2.1.18 h1:K4iJjcwMTHbfrMgj98pYsM+7VRmiF+59ZAcBpmjA4z0=
github.com/OperatorFoundation/shapeshifter-transports/transports/obfs2/v2 v2.1.18/go.mod h1:S2qmYjCQzB7XGJ5JMuVDTp2IbQveaAhXQ9BVOx+6KD8=
github.com/OperatorFoundation/shapeshifter-transports/transports/obfs2/v2 v2.1.22 h1:ygZ3s1ROaeyfrIjIo1pFAiq73UtOv8iBxZtV5MGZjVc=
github.com/OperatorFoundation/shapeshifter-transports/transports/obfs2/v2 v2.1.22/go.mod h1:S2qmYjCQzB7XGJ5JMuVDTp2IbQveaAhXQ9BVOx+6KD8=
github.com/OperatorFoundation/shapeshifter-transports/transports/obfs4/v2 v2.1.7/go.mod h1:mJzAaSli3rcl8PpTSXdQFYykCGuBmuhg9wG6feCBYYs=
github.com/OperatorFoundation/shapeshifter-transports/transports/obfs4/v2 v2.1.11 h1:YWL++KLcWh0t755gwZlc8p0DqDAIfWVLdISpoY7RFhw=
github.com/OperatorFoundation/shapeshifter-transports/transports/obfs4/v2 v2.1.11/go.mod h1:OUFBnkMmjMHTWqEQlanDOMTgBjU5QARjklwQv9Qovr4=
github.com/OperatorFoundation/shapeshifter-transports/transports/obfs4/v2 v2.1.12 h1:0G3QtqCYkhTp/gsxYuNNFx2OPNb7wPIatO5NiBCmbTg=
github.com/OperatorFoundation/shapeshifter-transports/transports/obfs4/v2 v2.1.12/go.mod h1:OUFBnkMmjMHTWqEQlanDOMTgBjU5QARjklwQv9Qovr4=
github.com/OperatorFoundation/shapeshifter-transports/transports/obfs4/v2 v2.1.13 h1:Yk5UcuxdU+76efdy33Xgz8QtnNHGYIbDDKcWw1oUtps=
github.com/OperatorFoundation/shapeshifter-transports/transports/obfs4/v2 v2.1.13/go.mod h1:OUFBnkMmjMHTWqEQlanDOMTgBjU5QARjklwQv9Qovr4=
github.com/OperatorFoundation/shapeshifter-transports/transports/obfs4/v2 v2.1.15 h1:xsiN4Skc3dfpElCRPfOXNzVEzmnS1r1G317z9JaMheU=
github.com/OperatorFoundation/shapeshifter-transports/transports/obfs4/v2 v2.1.15/go.mod h1:OUFBnkMmjMHTWqEQlanDOMTgBjU5QARjklwQv9Qovr4=
github.com/OperatorFoundation/shapeshifter-transports/transports/obfs4/v2 v2.1.16 h1:Z6P0OkeKrb/QnJqJM8ZY62XBEyFtX5AtTn4q+1PEwVE=
github.com/OperatorFoundation/shapeshifter-transports/transports/obfs4/v2 v2.1.16/go.mod h1:OUFBnkMmjMHTWqEQlanDOMTgBjU5QARjklwQv9Qovr4=
github.com/OperatorFoundation/shapeshifter-transports/transports/obfs4/v2 v2.1.18 h1:/uGYZjd7cw8yhpCb5x1lxBrrOSACumR8/taqvGF8yV8=
github.com/OperatorFoundation/shapeshifter-transports/transports/obfs4/v2 v2.1.18/go.mod h1:OUFBnkMmjMHTWqEQlanDOMTgBjU5QARjklwQv9Qovr4=
github.com/OperatorFoundation/shapeshifter-transports/transports/obfs4/v2 v2.1.22 h1:WIs1AFLM7qNWcO6QEksWdldnH2H4WXaD5d25iogN8Nk=
github.com/OperatorFoundation/shapeshifter-transports/transports/obfs4/v2 v2.1.22/go.mod h1:OUFBnkMmjMHTWqEQlanDOMTgBjU5QARjklwQv9Qovr4=
github.com/OperatorFoundation/shapeshifter-transports/transports/shadow/v2 v2.1.7/go.mod h1:GN8ahnEHVGcPbR0raxdpWekjgElppspPNAAOpmNxQxU=
github.com/OperatorFoundation/shapeshifter-transports/transports/shadow/v2 v2.1.11 h1:gKY17mRkP/VvBWvXzLuivJpFXt0AxkVUx7pv4PX2sUs=
github.com/OperatorFoundation/shapeshifter-transports/transports/shadow/v2 v2.1.11/go.mod h1:GN8ahnEHVGcPbR0raxdpWekjgElppspPNAAOpmNxQxU=
github.com/OperatorFoundation/shapeshifter-transports/transports/shadow/v2 v2.1.12 h1:QFB4nwlLmHKmMwgSY5vvrFdD+U1dkDNk1N0w1yGcvdA=
github.com/OperatorFoundation/shapeshifter-transports/transports/shadow/v2 v2.1.12/go.mod h1:GN8ahnEHVGcPbR0raxdpWekjgElppspPNAAOpmNxQxU=
github.com/OperatorFoundation/shapeshifter-transports/transports/shadow/v2 v2.1.13 h1:VN9qmvQ9KGsVDdPFVdFwGao+zh+sjw9uD6bDeofBrDI=
github.com/OperatorFoundation/shapeshifter-transports/transports/shadow/v2 v2.1.13/go.mod h1:GN8ahnEHVGcPbR0raxdpWekjgElppspPNAAOpmNxQxU=
github.com/OperatorFoundation/shapeshifter-transports/transports/shadow/v2 v2.1.15 h1:u+IFMzg1C+g5JgWUTy6Tpn76SN2D7WzzTY97FouH7/o=
github.com/OperatorFoundation/shapeshifter-transports/transports/shadow/v2 v2.1.15/go.mod h1:GN8ahnEHVGcPbR0raxdpWekjgElppspPNAAOpmNxQxU=
github.com/OperatorFoundation/shapeshifter-transports/transports/shadow/v2 v2.1.16 h1:J4LOP3Fqkiw7JTwPnTW3trmJkYmKGroxzZ/N0emJGWY=
github.com/OperatorFoundation/shapeshifter-transports/transports/shadow/v2 v2.1.16/go.mod h1:GN8ahnEHVGcPbR0raxdpWekjgElppspPNAAOpmNxQxU=
github.com/OperatorFoundation/shapeshifter-transports/transports/shadow/v2 v2.1.18 h1:G0EoLQ51rcOQiTV3m0iYY1a1GmMQFHN0t6GtgwE6INg=
github.com/OperatorFoundation/shapeshifter-transports/transports/shadow/v2 v2.1.18/go.mod h1:GN8ahnEHVGcPbR0raxdpWekjgElppspPNAAOpmNxQxU=
github.com/OperatorFoundation/shapeshifter-transports/transports/shadow/v2 v2.1.22 h1:F7YHfgEJ2Nq4f4XQFiXI4uMueuZGlQbEIdEIhN2b60s=
github.com/OperatorFoundation/shapeshifter-transports/transports/shadow/v2 v2.1.22/go.mod h1:GN8ahnEHVGcPbR0raxdpWekjgElppspPNAAOpmNxQxU=
github.com/aead/chacha20 v0.0.0-20180709150244-8b13a72661da h1:KjTM2ks9d14ZYCvmHS9iAKVt9AyzRSqNU1qabPih5BY=
github.com/aead/chacha20 v0.0.0-20180709150244-8b13a72661da/go.mod h1:eHEWzANqSiWQsof+nXEI9bUVUyV6F53Fp89EuCh2EAA=
github.com/blanu/Dust v1.0.0/go.mod h1:jLFQI2Ufz4kBnGiTzh8O9+/p4U/9MLbouXkaympnTI0=
github.com/blanu/Dust v1.0.1 h1:C1IiRXr9YP1A4iiuhhpQOCgl8785LoVq78lbDrVRVqc=
github.com/blanu/Dust v1.0.1/go.mod h1:jLFQI2Ufz4kBnGiTzh8O9+/p4U/9MLbouXkaympnTI0=
github.com/blanu/Dust/go/v2/interface v1.0.1 h1:lIQrNXljx8vgTTwB+gObrkA6jBhokmgH/uHp1OxbqxE=
github.com/blanu/Dust/go/v2/interface v1.0.1/go.mod h1:0NnpBd5fkRrG2I/pf6bcUaL5jpp84LeShsQzn4gCOCw=
github.com/davecgh/go-spew v1.1.0/go.mod h1:J7Y8YcW2NihsgmVo/mv3lAwl/skON4iLHjSsI+c5H38=
github.com/dchest/siphash v1.2.1 h1:4cLinnzVJDKxTCl9B01807Yiy+W7ZzVHj/KIroQRvT4=
github.com/dchest/siphash v1.2.1/go.mod h1:q+IRvb2gOSrUnYoPqHiyHXS0FOBBOdl6tONBlVnOnt4=
github.com/deckarep/golang-set v1.7.1 h1:SCQV0S6gTtp6itiFrTqI+pfmJ4LN85S1YzhDf9rTHJQ=
github.com/deckarep/golang-set v1.7.1/go.mod h1:93vsz/8Wt4joVM7c2AVqh+YRMiUSc14yDtF28KmMOgQ=
github.com/mufti1/interconv v0.0.0-20190313040840-d7c72925c656 h1:p+IdebEeB9SAEH9IOJVF6oZ535bwvWqUdqWxG1UWeko=
github.com/mufti1/interconv v0.0.0-20190313040840-d7c72925c656/go.mod h1:+db4NNs1NvceiftEzz0ymfu3zKLkynYukafc7llNoMs=
github.com/op/go-logging v0.0.0-20160315200505-970db520ece7 h1:lDH9UUVJtmYCjyT0CI4q8xvlXPxeZ0gYCVvWbmPlp88=
github.com/op/go-logging v0.0.0-20160315200505-970db520ece7/go.mod h1:HzydrMdWErDVzsI23lYNej1Htcns9BCg93Dk0bBINWk=
github.com/opentracing/opentracing-go v1.1.0 h1:pWlfV3Bxv7k65HYwkikxat0+s3pV4bsqf19k25Ur8rU=
github.com/opentracing/opentracing-go v1.1.0/go.mod h1:UkNAQd3GIcIGf0SeVgPpRdFStlNbqXla1AfSYxPUl2o=
github.com/pmezard/go-difflib v1.0.0/go.mod h1:iKH77koFhYxTK1pcRnkKkqfTogsbg7gZNVY4sRDYZ/4=
github.com/shadowsocks/go-shadowsocks2 v0.0.11/go.mod h1:R+KWaoIwRRhnpw6XV+dZil0XHi64Hc1D7hXUyXTjUzQ=
github.com/shadowsocks/go-shadowsocks2 v0.1.0 h1:jQhkjAmMuOTQ7B04bnrRJ5IAoZEwoaXXkKspE7rQ6ck=
github.com/shadowsocks/go-shadowsocks2 v0.1.0/go.mod h1:/0aFGbhK8mtOX4J/6kTJsPLZlEs9KnzKoWCOCvjd7vk=
github.com/stretchr/objx v0.1.0/go.mod h1:HFkY916IF+rwdDfMAkV7OtwuqBVzrE8GR6GFx+wExME=
github.com/stretchr/testify v1.5.1/go.mod h1:5W2xD1RspED5o8YsWQXVCued0rvSQ+mT+I5cxcmMvtA=
github.com/willscott/goturn v0.0.0-20170802220503-19f41278d0c9 h1:yKStnJf2/R4IETsrVlAGBxjBxQ3JgVGnjV3gDlc6tAs=
github.com/willscott/goturn v0.0.0-20170802220503-19f41278d0c9/go.mod h1:PfwRjodCaQXOsHnh2DeVaXqCFCIrbn5WLj1+A5bQkD4=
golang.org/x/crypto v0.0.0-20190308221718-c2843e01d9a2/go.mod h1:djNgcEr1/C05ACkg1iLfiJU5Ep61QUkGW8qpdssI0+w=
golang.org/x/crypto v0.0.0-20190426145343-a29dc8fdc734/go.mod h1:yigFU9vqHzYiE8UmvKecakEJjdnWj3jj499lnFckfCI=
golang.org/x/crypto v0.0.0-20200214034016-1d94cc7ab1c6 h1:Sy5bstxEqwwbYs6n0/pBuxKENqOeZUgD45Gp3Q3pqLg=
golang.org/x/crypto v0.0.0-20200214034016-1d94cc7ab1c6/go.mod h1:LzIPMQfyMNhhGPhUkYOs5KpL4U8rLKemX1yGLhDgUto=
golang.org/x/crypto v0.0.0-20200221231518-2aa609cf4a9d h1:1ZiEyfaQIg3Qh0EoqpwAakHVhecoE5wlSg5GjnafJGw=
golang.org/x/crypto v0.0.0-20200221231518-2aa609cf4a9d/go.mod h1:LzIPMQfyMNhhGPhUkYOs5KpL4U8rLKemX1yGLhDgUto=
golang.org/x/crypto v0.0.0-20200317142112-1b76d66859c6 h1:TjszyFsQsyZNHwdVdZ5m7bjmreu0znc2kRYsEml9/Ww=
golang.org/x/crypto v0.0.0-20200317142112-1b76d66859c6/go.mod h1:LzIPMQfyMNhhGPhUkYOs5KpL4U8rLKemX1yGLhDgUto=
golang.org/x/crypto v0.0.0-20200323165209-0ec3e9974c59 h1:3zb4D3T4G8jdExgVU/95+vQXfpEPiMdCaZgmGVxjNHM=
golang.org/x/crypto v0.0.0-20200323165209-0ec3e9974c59/go.mod h1:LzIPMQfyMNhhGPhUkYOs5KpL4U8rLKemX1yGLhDgUto=
golang.org/x/crypto v0.0.0-20200406173513-056763e48d71 h1:DOmugCavvUtnUD114C1Wh+UgTgQZ4pMLzXxi1pSt+/Y=
golang.org/x/crypto v0.0.0-20200406173513-056763e48d71/go.mod h1:LzIPMQfyMNhhGPhUkYOs5KpL4U8rLKemX1yGLhDgUto=
golang.org/x/crypto v0.0.0-20200414173820-0848c9571904 h1:bXoxMPcSLOq08zI3/c5dEBT6lE4eh+jOh886GHrn6V8=
golang.org/x/crypto v0.0.0-20200414173820-0848c9571904/go.mod h1:LzIPMQfyMNhhGPhUkYOs5KpL4U8rLKemX1yGLhDgUto=
golang.org/x/crypto v0.0.0-20200427165652-729f1e841bcc h1:ZGI/fILM2+ueot/UixBSoj9188jCAxVHEZEGhqq67I4=
golang.org/x/crypto v0.0.0-20200427165652-729f1e841bcc/go.mod h1:LzIPMQfyMNhhGPhUkYOs5KpL4U8rLKemX1yGLhDgUto=
golang.org/x/crypto v0.0.0-20200429183012-4b2356b1ed79 h1:IaQbIIB2X/Mp/DKctl6ROxz1KyMlKp4uyvL6+kQ7C88=
golang.org/x/crypto v0.0.0-20200429183012-4b2356b1ed79/go.mod h1:LzIPMQfyMNhhGPhUkYOs5KpL4U8rLKemX1yGLhDgUto=
golang.org/x/crypto v0.0.0-20200510223506-06a226fb4e37 h1:cg5LA/zNPRzIXIWSCxQW10Rvpy94aQh3LT/ShoCpkHw=
golang.org/x/crypto v0.0.0-20200510223506-06a226fb4e37/go.mod h1:LzIPMQfyMNhhGPhUkYOs5KpL4U8rLKemX1yGLhDgUto=
golang.org/x/net v0.0.0-20190404232315-eb5bcb51f2a3/go.mod h1:t9HGtf8HONx5eT2rtn7q6eTqICYqUVnKs3thJo3Qplg=
golang.org/x/net v0.0.0-20200202094626-16171245cfb2/go.mod h1:z5CRVTTTmAJ677TzLLGU+0bjPO0LkuOLi4/5GtJWs/s=
golang.org/x/net v0.0.0-20200226121028-0de0cce0169b h1:0mm1VjtFUOIlE1SbDlwjYaDxZVDP2S5ou6y0gSgXHu8=
golang.org/x/net v0.0.0-20200226121028-0de0cce0169b/go.mod h1:z5CRVTTTmAJ677TzLLGU+0bjPO0LkuOLi4/5GtJWs/s=
golang.org/x/net v0.0.0-20200301022130-244492dfa37a h1:GuSPYbZzB5/dcLNCwLQLsg3obCJtX9IJhpXkvY7kzk0=
golang.org/x/net v0.0.0-20200301022130-244492dfa37a/go.mod h1:z5CRVTTTmAJ677TzLLGU+0bjPO0LkuOLi4/5GtJWs/s=
golang.org/x/net v0.0.0-20200324143707-d3edc9973b7e h1:3G+cUijn7XD+S4eJFddp53Pv7+slrESplyjG25HgL+k=
golang.org/x/net v0.0.0-20200324143707-d3edc9973b7e/go.mod h1:qpuaurCH72eLCgpAm/N6yyVIVM9cpaDIP3A8BGJEC5A=
golang.org/x/net v0.0.0-20200425230154-ff2c4b7c35a0 h1:Jcxah/M+oLZ/R4/z5RzfPzGbPXnVDPkEDtf2JnuxN+U=
golang.org/x/net v0.0.0-20200425230154-ff2c4b7c35a0/go.mod h1:qpuaurCH72eLCgpAm/N6yyVIVM9cpaDIP3A8BGJEC5A=
golang.org/x/net v0.0.0-20200506145744-7e3656a0809f h1:QBjCr1Fz5kw158VqdE9JfI9cJnl/ymnJWAdMuinqL7Y=
golang.org/x/net v0.0.0-20200506145744-7e3656a0809f/go.mod h1:qpuaurCH72eLCgpAm/N6yyVIVM9cpaDIP3A8BGJEC5A=
golang.org/x/net v0.0.0-20200513185701-a91f0712d120 h1:EZ3cVSzKOlJxAd8e8YAJ7no8nNypTxexh/YE/xW3ZEY=
golang.org/x/net v0.0.0-20200513185701-a91f0712d120/go.mod h1:qpuaurCH72eLCgpAm/N6yyVIVM9cpaDIP3A8BGJEC5A=
golang.org/x/net v0.0.0-20200520182314-0ba52f642ac2 h1:eDrdRpKgkcCqKZQwyZRyeFZgfqt37SL7Kv3tok06cKE=
golang.org/x/net v0.0.0-20200520182314-0ba52f642ac2/go.mod h1:qpuaurCH72eLCgpAm/N6yyVIVM9cpaDIP3A8BGJEC5A=
golang.org/x/net v0.0.0-20200528225125-3c3fba18258b h1:IYiJPiJfzktmDAO1HQiwjMjwjlYKHAL7KzeD544RJPs=
golang.org/x/net v0.0.0-20200528225125-3c3fba18258b/go.mod h1:qpuaurCH72eLCgpAm/N6yyVIVM9cpaDIP3A8BGJEC5A=
golang.org/x/sys v0.0.0-20190215142949-d0b11bdaac8a/go.mod h1:STP8DvDyc/dI5b8T5hshtkjS+E42TnysNCUPdjciGhY=
golang.org/x/sys v0.0.0-20190412213103-97732733099d h1:+R4KGOnez64A81RvjARKc4UT5/tI9ujCIVX+P5KiHuI=
golang.org/x/sys v0.0.0-20190412213103-97732733099d/go.mod h1:h1NjWce9XRLGQEsW7wpKNCjG9DtNlClVuFLEZdDNbEs=
golang.org/x/sys v0.0.0-20200302150141-5c8b2ff67527 h1:uYVVQ9WP/Ds2ROhcaGPeIdVq0RIXVLwsHlnvJ+cT1So=
golang.org/x/sys v0.0.0-20200302150141-5c8b2ff67527/go.mod h1:h1NjWce9XRLGQEsW7wpKNCjG9DtNlClVuFLEZdDNbEs=
golang.org/x/sys v0.0.0-20200323222414-85ca7c5b95cd/go.mod h1:h1NjWce9XRLGQEsW7wpKNCjG9DtNlClVuFLEZdDNbEs=
golang.org/x/sys v0.0.0-20200331124033-c3d80250170d h1:nc5K6ox/4lTFbMVSL9WRR81ixkcwXThoiF6yf+R9scA=
golang.org/x/sys v0.0.0-20200331124033-c3d80250170d/go.mod h1:h1NjWce9XRLGQEsW7wpKNCjG9DtNlClVuFLEZdDNbEs=
golang.org/x/sys v0.0.0-20200406155108-e3b113bbe6a4 h1:c1Sgqkh8v6ZxafNGG64r8C8UisIW2TKMJN8P86tKjr0=
golang.org/x/sys v0.0.0-20200406155108-e3b113bbe6a4/go.mod h1:h1NjWce9XRLGQEsW7wpKNCjG9DtNlClVuFLEZdDNbEs=
golang.org/x/sys v0.0.0-20200408040146-ea54a3c99b9b h1:h03Ur1RlPrGTjua4koYdpGl8W0eYo8p1uI9w7RPlkdk=
golang.org/x/sys v0.0.0-20200408040146-ea54a3c99b9b/go.mod h1:h1NjWce9XRLGQEsW7wpKNCjG9DtNlClVuFLEZdDNbEs=
golang.org/x/sys v0.0.0-20200413165638-669c56c373c4 h1:opSr2sbRXk5X5/givKrrKj9HXxFpW2sdCiP8MJSKLQY=
golang.org/x/sys v0.0.0-20200413165638-669c56c373c4/go.mod h1:h1NjWce9XRLGQEsW7wpKNCjG9DtNlClVuFLEZdDNbEs=
golang.org/x/sys v0.0.0-20200427175716-29b57079015a h1:08u6b1caTT9MQY4wSbmsd4Ulm6DmgNYnbImBuZjGJow=
golang.org/x/sys v0.0.0-20200427175716-29b57079015a/go.mod h1:h1NjWce9XRLGQEsW7wpKNCjG9DtNlClVuFLEZdDNbEs=
golang.org/x/sys v0.0.0-20200501145240-bc7a7d42d5c3 h1:5B6i6EAiSYyejWfvc5Rc9BbI3rzIsrrXfAQBWnYfn+w=
golang.org/x/sys v0.0.0-20200501145240-bc7a7d42d5c3/go.mod h1:h1NjWce9XRLGQEsW7wpKNCjG9DtNlClVuFLEZdDNbEs=
golang.org/x/sys v0.0.0-20200511232937-7e40ca221e25 h1:OKbAoGs4fGM5cPLlVQLZGYkFC8OnOfgo6tt0Smf9XhM=
golang.org/x/sys v0.0.0-20200511232937-7e40ca221e25/go.mod h1:h1NjWce9XRLGQEsW7wpKNCjG9DtNlClVuFLEZdDNbEs=
golang.org/x/sys v0.0.0-20200513112337-417ce2331b5c h1:kISX68E8gSkNYAFRFiDU8rl5RIn1sJYKYb/r2vMLDrU=
golang.org/x/sys v0.0.0-20200513112337-417ce2331b5c/go.mod h1:h1NjWce9XRLGQEsW7wpKNCjG9DtNlClVuFLEZdDNbEs=
golang.org/x/sys v0.0.0-20200515095857-1151b9dac4a9 h1:YTzHMGlqJu67/uEo1lBv0n3wBXhXNeUbB1XfN2vmTm0=
golang.org/x/sys v0.0.0-20200515095857-1151b9dac4a9/go.mod h1:h1NjWce9XRLGQEsW7wpKNCjG9DtNlClVuFLEZdDNbEs=
golang.org/x/sys v0.0.0-20200519105757-fe76b779f299 h1:DYfZAGf2WMFjMxbgTjaC+2HC7NkNAQs+6Q8b9WEB/F4=
golang.org/x/sys v0.0.0-20200519105757-fe76b779f299/go.mod h1:h1NjWce9XRLGQEsW7wpKNCjG9DtNlClVuFLEZdDNbEs=
golang.org/x/sys v0.0.0-20200523222454-059865788121 h1:rITEj+UZHYC927n8GT97eC3zrpzXdb/voyeOuVKS46o=
golang.org/x/sys v0.0.0-20200523222454-059865788121/go.mod h1:h1NjWce9XRLGQEsW7wpKNCjG9DtNlClVuFLEZdDNbEs=
golang.org/x/text v0.3.0 h1:g61tztE5qeGQ89tm6NTjjM9VPIm088od1l6aSorWRWg=
golang.org/x/text v0.3.0/go.mod h1:NqM8EUOU14njkJ3fqMW+pc6Ldnwhi/IjpwHt7yyuwOQ=
golang.org/x/text v0.3.2 h1:tW2bmiBqwgJj/UpqtC8EpXEZVYOwU0yG4iWbprSVAcs=
golang.org/x/text v0.3.2/go.mod h1:bEr9sfX3Q8Zfm5fL9x+3itogRgK3+ptLWKqgva+5dAk=
golang.org/x/tools v0.0.0-20180917221912-90fa682c2a6e/go.mod h1:n7NCudcB/nEzxVGmLbDWY5pfWTLqBcC2KZ6jyYvM4mQ=
gopkg.in/check.v1 v0.0.0-20161208181325-20d25e280405/go.mod h1:Co6ibVJAznAaIkqp8huTwlJQCZ016jof/cbN4VW5Yz0=
gopkg.in/yaml.v2 v2.2.2/go.mod h1:hI93XBmqTisBFMUTm0b8Fm+jr3Dg1NNxqwp+5A1VGuI=
